// !$*UTF8*$!
{
	archiveVersion = 1;
	classes = {
	};
	objectVersion = 48;
	objects = {

/* Begin PBXBuildFile section */
		281B9463203FEDC700925F2D /* AppDelegate.m in Sources */ = {isa = PBXBuildFile; fileRef = 281B9462203FEDC700925F2D /* AppDelegate.m */; };
		281B946B203FEDC700925F2D /* Assets.xcassets in Resources */ = {isa = PBXBuildFile; fileRef = 281B946A203FEDC700925F2D /* Assets.xcassets */; };
		281B946E203FEDC700925F2D /* LaunchScreen.storyboard in Resources */ = {isa = PBXBuildFile; fileRef = 281B946C203FEDC700925F2D /* LaunchScreen.storyboard */; };
		281B9471203FEDC700925F2D /* main.m in Sources */ = {isa = PBXBuildFile; fileRef = 281B9470203FEDC700925F2D /* main.m */; };
		281B947B203FEDC800925F2D /* LSPanSwiperTests.m in Sources */ = {isa = PBXBuildFile; fileRef = 281B947A203FEDC800925F2D /* LSPanSwiperTests.m */; };
		281B9486203FEDC800925F2D /* LSPanSwiperUITests.m in Sources */ = {isa = PBXBuildFile; fileRef = 281B9485203FEDC800925F2D /* LSPanSwiperUITests.m */; };
		281B94A6203FEE6500925F2D /* LSInteractiveTransition.m in Sources */ = {isa = PBXBuildFile; fileRef = 281B9498203FEE6400925F2D /* LSInteractiveTransition.m */; };
		281B94A7203FEE6500925F2D /* LSPanSwiper.m in Sources */ = {isa = PBXBuildFile; fileRef = 281B949A203FEE6500925F2D /* LSPanSwiper.m */; };
		281B94A8203FEE6500925F2D /* LSTransitionAnimator.m in Sources */ = {isa = PBXBuildFile; fileRef = 281B949D203FEE6500925F2D /* LSTransitionAnimator.m */; };
		281B94A9203FEE6500925F2D /* NSObject+TransitionContextHelper.m in Sources */ = {isa = PBXBuildFile; fileRef = 281B949F203FEE6500925F2D /* NSObject+TransitionContextHelper.m */; };
		281B94AB203FEE6500925F2D /* UINavigationController+LSInteractiveTransition.m in Sources */ = {isa = PBXBuildFile; fileRef = 281B94A3203FEE6500925F2D /* UINavigationController+LSInteractiveTransition.m */; };
		281B94AC203FEE6500925F2D /* UIViewController+LSInteractiveTransition.m in Sources */ = {isa = PBXBuildFile; fileRef = 281B94A5203FEE6500925F2D /* UIViewController+LSInteractiveTransition.m */; };
		281B94FB203FEFA700925F2D /* LSPopAnimator.m in Sources */ = {isa = PBXBuildFile; fileRef = 281B94EC203FEFA700925F2D /* LSPopAnimator.m */; };
		281B94FC203FEFA700925F2D /* PopAnimator2.m in Sources */ = {isa = PBXBuildFile; fileRef = 281B94EE203FEFA700925F2D /* PopAnimator2.m */; };
		281B94FD203FEFA700925F2D /* LSPushAnimator.m in Sources */ = {isa = PBXBuildFile; fileRef = 281B94F0203FEFA700925F2D /* LSPushAnimator.m */; };
		281B94FE203FEFA700925F2D /* PushAnimator2.m in Sources */ = {isa = PBXBuildFile; fileRef = 281B94F2203FEFA700925F2D /* PushAnimator2.m */; };
		281B94FF203FEFA700925F2D /* FirstViewController.m in Sources */ = {isa = PBXBuildFile; fileRef = 281B94F4203FEFA700925F2D /* FirstViewController.m */; };
		281B9500203FEFA700925F2D /* FirstViewController.xib in Resources */ = {isa = PBXBuildFile; fileRef = 281B94F5203FEFA700925F2D /* FirstViewController.xib */; };
		281B9501203FEFA700925F2D /* LSNavigationController.m in Sources */ = {isa = PBXBuildFile; fileRef = 281B94F7203FEFA700925F2D /* LSNavigationController.m */; };
		281B9502203FEFA700925F2D /* SecondViewController.m in Sources */ = {isa = PBXBuildFile; fileRef = 281B94F9203FEFA700925F2D /* SecondViewController.m */; };
		281B9503203FEFA700925F2D /* SecondViewController.xib in Resources */ = {isa = PBXBuildFile; fileRef = 281B94FA203FEFA700925F2D /* SecondViewController.xib */; };
		281B9507203FF2A000925F2D /* ThreeViewController.m in Sources */ = {isa = PBXBuildFile; fileRef = 281B9505203FF2A000925F2D /* ThreeViewController.m */; };
		281B9508203FF2A000925F2D /* ThreeViewController.xib in Resources */ = {isa = PBXBuildFile; fileRef = 281B9506203FF2A000925F2D /* ThreeViewController.xib */; };
/* End PBXBuildFile section */

/* Begin PBXContainerItemProxy section */
		281B9477203FEDC800925F2D /* PBXContainerItemProxy */ = {
			isa = PBXContainerItemProxy;
			containerPortal = 281B9456203FEDC700925F2D /* Project object */;
			proxyType = 1;
			remoteGlobalIDString = 281B945D203FEDC700925F2D;
			remoteInfo = LSPanSwiper;
		};
		281B9482203FEDC800925F2D /* PBXContainerItemProxy */ = {
			isa = PBXContainerItemProxy;
			containerPortal = 281B9456203FEDC700925F2D /* Project object */;
			proxyType = 1;
			remoteGlobalIDString = 281B945D203FEDC700925F2D;
			remoteInfo = LSPanSwiper;
		};
/* End PBXContainerItemProxy section */

/* Begin PBXFileReference section */
		281B945E203FEDC700925F2D /* LSPanSwiper.app */ = {isa = PBXFileReference; explicitFileType = wrapper.application; includeInIndex = 0; path = LSPanSwiper.app; sourceTree = BUILT_PRODUCTS_DIR; };
		281B9461203FEDC700925F2D /* AppDelegate.h */ = {isa = PBXFileReference; lastKnownFileType = sourcecode.c.h; path = AppDelegate.h; sourceTree = "<group>"; };
		281B9462203FEDC700925F2D /* AppDelegate.m */ = {isa = PBXFileReference; lastKnownFileType = sourcecode.c.objc; path = AppDelegate.m; sourceTree = "<group>"; };
		281B946A203FEDC700925F2D /* Assets.xcassets */ = {isa = PBXFileReference; lastKnownFileType = folder.assetcatalog; path = Assets.xcassets; sourceTree = "<group>"; };
		281B946D203FEDC700925F2D /* Base */ = {isa = PBXFileReference; lastKnownFileType = file.storyboard; name = Base; path = Base.lproj/LaunchScreen.storyboard; sourceTree = "<group>"; };
		281B946F203FEDC700925F2D /* Info.plist */ = {isa = PBXFileReference; lastKnownFileType = text.plist.xml; path = Info.plist; sourceTree = "<group>"; };
		281B9470203FEDC700925F2D /* main.m */ = {isa = PBXFileReference; lastKnownFileType = sourcecode.c.objc; path = main.m; sourceTree = "<group>"; };
		281B9476203FEDC800925F2D /* LSPanSwiperTests.xctest */ = {isa = PBXFileReference; explicitFileType = wrapper.cfbundle; includeInIndex = 0; path = LSPanSwiperTests.xctest; sourceTree = BUILT_PRODUCTS_DIR; };
		281B947A203FEDC800925F2D /* LSPanSwiperTests.m */ = {isa = PBXFileReference; lastKnownFileType = sourcecode.c.objc; path = LSPanSwiperTests.m; sourceTree = "<group>"; };
		281B947C203FEDC800925F2D /* Info.plist */ = {isa = PBXFileReference; lastKnownFileType = text.plist.xml; path = Info.plist; sourceTree = "<group>"; };
		281B9481203FEDC800925F2D /* LSPanSwiperUITests.xctest */ = {isa = PBXFileReference; explicitFileType = wrapper.cfbundle; includeInIndex = 0; path = LSPanSwiperUITests.xctest; sourceTree = BUILT_PRODUCTS_DIR; };
		281B9485203FEDC800925F2D /* LSPanSwiperUITests.m */ = {isa = PBXFileReference; lastKnownFileType = sourcecode.c.objc; path = LSPanSwiperUITests.m; sourceTree = "<group>"; };
		281B9487203FEDC800925F2D /* Info.plist */ = {isa = PBXFileReference; lastKnownFileType = text.plist.xml; path = Info.plist; sourceTree = "<group>"; };
		281B9497203FEE6400925F2D /* LSInteractiveTransition.h */ = {isa = PBXFileReference; fileEncoding = 4; lastKnownFileType = sourcecode.c.h; path = LSInteractiveTransition.h; sourceTree = "<group>"; };
		281B9498203FEE6400925F2D /* LSInteractiveTransition.m */ = {isa = PBXFileReference; fileEncoding = 4; lastKnownFileType = sourcecode.c.objc; path = LSInteractiveTransition.m; sourceTree = "<group>"; };
		281B9499203FEE6500925F2D /* LSPanSwiper.h */ = {isa = PBXFileReference; fileEncoding = 4; lastKnownFileType = sourcecode.c.h; path = LSPanSwiper.h; sourceTree = "<group>"; };
		281B949A203FEE6500925F2D /* LSPanSwiper.m */ = {isa = PBXFileReference; fileEncoding = 4; lastKnownFileType = sourcecode.c.objc; path = LSPanSwiper.m; sourceTree = "<group>"; };
		281B949B203FEE6500925F2D /* LSPanSwiperKit.h */ = {isa = PBXFileReference; fileEncoding = 4; lastKnownFileType = sourcecode.c.h; path = LSPanSwiperKit.h; sourceTree = "<group>"; };
		281B949C203FEE6500925F2D /* LSTransitionAnimator.h */ = {isa = PBXFileReference; fileEncoding = 4; lastKnownFileType = sourcecode.c.h; path = LSTransitionAnimator.h; sourceTree = "<group>"; };
		281B949D203FEE6500925F2D /* LSTransitionAnimator.m */ = {isa = PBXFileReference; fileEncoding = 4; lastKnownFileType = sourcecode.c.objc; path = LSTransitionAnimator.m; sourceTree = "<group>"; };
		281B949E203FEE6500925F2D /* NSObject+TransitionContextHelper.h */ = {isa = PBXFileReference; fileEncoding = 4; lastKnownFileType = sourcecode.c.h; path = "NSObject+TransitionContextHelper.h"; sourceTree = "<group>"; };
		281B949F203FEE6500925F2D /* NSObject+TransitionContextHelper.m */ = {isa = PBXFileReference; fileEncoding = 4; lastKnownFileType = sourcecode.c.objc; path = "NSObject+TransitionContextHelper.m"; sourceTree = "<group>"; };
		281B94A2203FEE6500925F2D /* UINavigationController+LSInteractiveTransition.h */ = {isa = PBXFileReference; fileEncoding = 4; lastKnownFileType = sourcecode.c.h; path = "UINavigationController+LSInteractiveTransition.h"; sourceTree = "<group>"; };
		281B94A3203FEE6500925F2D /* UINavigationController+LSInteractiveTransition.m */ = {isa = PBXFileReference; fileEncoding = 4; lastKnownFileType = sourcecode.c.objc; path = "UINavigationController+LSInteractiveTransition.m"; sourceTree = "<group>"; };
		281B94A4203FEE6500925F2D /* UIViewController+LSInteractiveTransition.h */ = {isa = PBXFileReference; fileEncoding = 4; lastKnownFileType = sourcecode.c.h; path = "UIViewController+LSInteractiveTransition.h"; sourceTree = "<group>"; };
		281B94A5203FEE6500925F2D /* UIViewController+LSInteractiveTransition.m */ = {isa = PBXFileReference; fileEncoding = 4; lastKnownFileType = sourcecode.c.objc; path = "UIViewController+LSInteractiveTransition.m"; sourceTree = "<group>"; };
		281B94EB203FEFA700925F2D /* LSPopAnimator.h */ = {isa = PBXFileReference; fileEncoding = 4; lastKnownFileType = sourcecode.c.h; path = LSPopAnimator.h; sourceTree = "<group>"; };
		281B94EC203FEFA700925F2D /* LSPopAnimator.m */ = {isa = PBXFileReference; fileEncoding = 4; lastKnownFileType = sourcecode.c.objc; path = LSPopAnimator.m; sourceTree = "<group>"; };
		281B94ED203FEFA700925F2D /* PopAnimator2.h */ = {isa = PBXFileReference; fileEncoding = 4; lastKnownFileType = sourcecode.c.h; path = PopAnimator2.h; sourceTree = "<group>"; };
		281B94EE203FEFA700925F2D /* PopAnimator2.m */ = {isa = PBXFileReference; fileEncoding = 4; lastKnownFileType = sourcecode.c.objc; path = PopAnimator2.m; sourceTree = "<group>"; };
		281B94EF203FEFA700925F2D /* LSPushAnimator.h */ = {isa = PBXFileReference; fileEncoding = 4; lastKnownFileType = sourcecode.c.h; path = LSPushAnimator.h; sourceTree = "<group>"; };
		281B94F0203FEFA700925F2D /* LSPushAnimator.m */ = {isa = PBXFileReference; fileEncoding = 4; lastKnownFileType = sourcecode.c.objc; path = LSPushAnimator.m; sourceTree = "<group>"; };
		281B94F1203FEFA700925F2D /* PushAnimator2.h */ = {isa = PBXFileReference; fileEncoding = 4; lastKnownFileType = sourcecode.c.h; path = PushAnimator2.h; sourceTree = "<group>"; };
		281B94F2203FEFA700925F2D /* PushAnimator2.m */ = {isa = PBXFileReference; fileEncoding = 4; lastKnownFileType = sourcecode.c.objc; path = PushAnimator2.m; sourceTree = "<group>"; };
		281B94F3203FEFA700925F2D /* FirstViewController.h */ = {isa = PBXFileReference; fileEncoding = 4; lastKnownFileType = sourcecode.c.h; path = FirstViewController.h; sourceTree = "<group>"; };
		281B94F4203FEFA700925F2D /* FirstViewController.m */ = {isa = PBXFileReference; fileEncoding = 4; lastKnownFileType = sourcecode.c.objc; path = FirstViewController.m; sourceTree = "<group>"; };
		281B94F5203FEFA700925F2D /* FirstViewController.xib */ = {isa = PBXFileReference; fileEncoding = 4; lastKnownFileType = file.xib; path = FirstViewController.xib; sourceTree = "<group>"; };
		281B94F6203FEFA700925F2D /* LSNavigationController.h */ = {isa = PBXFileReference; fileEncoding = 4; lastKnownFileType = sourcecode.c.h; path = LSNavigationController.h; sourceTree = "<group>"; };
		281B94F7203FEFA700925F2D /* LSNavigationController.m */ = {isa = PBXFileReference; fileEncoding = 4; lastKnownFileType = sourcecode.c.objc; path = LSNavigationController.m; sourceTree = "<group>"; };
		281B94F8203FEFA700925F2D /* SecondViewController.h */ = {isa = PBXFileReference; fileEncoding = 4; lastKnownFileType = sourcecode.c.h; path = SecondViewController.h; sourceTree = "<group>"; };
		281B94F9203FEFA700925F2D /* SecondViewController.m */ = {isa = PBXFileReference; fileEncoding = 4; lastKnownFileType = sourcecode.c.objc; path = SecondViewController.m; sourceTree = "<group>"; };
		281B94FA203FEFA700925F2D /* SecondViewController.xib */ = {isa = PBXFileReference; fileEncoding = 4; lastKnownFileType = file.xib; path = SecondViewController.xib; sourceTree = "<group>"; };
		281B9504203FF2A000925F2D /* ThreeViewController.h */ = {isa = PBXFileReference; lastKnownFileType = sourcecode.c.h; path = ThreeViewController.h; sourceTree = "<group>"; };
		281B9505203FF2A000925F2D /* ThreeViewController.m */ = {isa = PBXFileReference; lastKnownFileType = sourcecode.c.objc; path = ThreeViewController.m; sourceTree = "<group>"; };
		281B9506203FF2A000925F2D /* ThreeViewController.xib */ = {isa = PBXFileReference; lastKnownFileType = file.xib; path = ThreeViewController.xib; sourceTree = "<group>"; };
/* End PBXFileReference section */

/* Begin PBXFrameworksBuildPhase section */
		281B945B203FEDC700925F2D /* Frameworks */ = {
			isa = PBXFrameworksBuildPhase;
			buildActionMask = 2147483647;
			files = (
			);
			runOnlyForDeploymentPostprocessing = 0;
		};
		281B9473203FEDC800925F2D /* Frameworks */ = {
			isa = PBXFrameworksBuildPhase;
			buildActionMask = 2147483647;
			files = (
			);
			runOnlyForDeploymentPostprocessing = 0;
		};
		281B947E203FEDC800925F2D /* Frameworks */ = {
			isa = PBXFrameworksBuildPhase;
			buildActionMask = 2147483647;
			files = (
			);
			runOnlyForDeploymentPostprocessing = 0;
		};
/* End PBXFrameworksBuildPhase section */

/* Begin PBXGroup section */
		281B9455203FEDC700925F2D = {
			isa = PBXGroup;
			children = (
				281B9460203FEDC700925F2D /* LSPanSwiper */,
				281B9479203FEDC800925F2D /* LSPanSwiperTests */,
				281B9484203FEDC800925F2D /* LSPanSwiperUITests */,
				281B945F203FEDC700925F2D /* Products */,
			);
			sourceTree = "<group>";
		};
		281B945F203FEDC700925F2D /* Products */ = {
			isa = PBXGroup;
			children = (
				281B945E203FEDC700925F2D /* LSPanSwiper.app */,
				281B9476203FEDC800925F2D /* LSPanSwiperTests.xctest */,
				281B9481203FEDC800925F2D /* LSPanSwiperUITests.xctest */,
			);
			name = Products;
			sourceTree = "<group>";
		};
		281B9460203FEDC700925F2D /* LSPanSwiper */ = {
			isa = PBXGroup;
			children = (
				281B9496203FEE6400925F2D /* LSPanSwiper */,
				281B94E9203FEFA700925F2D /* demo */,
				281B9461203FEDC700925F2D /* AppDelegate.h */,
				281B9462203FEDC700925F2D /* AppDelegate.m */,
				281B946A203FEDC700925F2D /* Assets.xcassets */,
				281B946C203FEDC700925F2D /* LaunchScreen.storyboard */,
				281B946F203FEDC700925F2D /* Info.plist */,
				281B9470203FEDC700925F2D /* main.m */,
			);
			path = LSPanSwiper;
			sourceTree = "<group>";
		};
		281B9479203FEDC800925F2D /* LSPanSwiperTests */ = {
			isa = PBXGroup;
			children = (
				281B947A203FEDC800925F2D /* LSPanSwiperTests.m */,
				281B947C203FEDC800925F2D /* Info.plist */,
			);
			path = LSPanSwiperTests;
			sourceTree = "<group>";
		};
		281B9484203FEDC800925F2D /* LSPanSwiperUITests */ = {
			isa = PBXGroup;
			children = (
				281B9485203FEDC800925F2D /* LSPanSwiperUITests.m */,
				281B9487203FEDC800925F2D /* Info.plist */,
			);
			path = LSPanSwiperUITests;
			sourceTree = "<group>";
		};
		281B9496203FEE6400925F2D /* LSPanSwiper */ = {
			isa = PBXGroup;
			children = (
				281B949B203FEE6500925F2D /* LSPanSwiperKit.h */,
				281B9497203FEE6400925F2D /* LSInteractiveTransition.h */,
				281B9498203FEE6400925F2D /* LSInteractiveTransition.m */,
				281B9499203FEE6500925F2D /* LSPanSwiper.h */,
				281B949A203FEE6500925F2D /* LSPanSwiper.m */,
				281B949C203FEE6500925F2D /* LSTransitionAnimator.h */,
				281B949D203FEE6500925F2D /* LSTransitionAnimator.m */,
				281B949E203FEE6500925F2D /* NSObject+TransitionContextHelper.h */,
				281B949F203FEE6500925F2D /* NSObject+TransitionContextHelper.m */,
				281B94A2203FEE6500925F2D /* UINavigationController+LSInteractiveTransition.h */,
				281B94A3203FEE6500925F2D /* UINavigationController+LSInteractiveTransition.m */,
				281B94A4203FEE6500925F2D /* UIViewController+LSInteractiveTransition.h */,
				281B94A5203FEE6500925F2D /* UIViewController+LSInteractiveTransition.m */,
				281B94EF203FEFA700925F2D /* LSPushAnimator.h */,
				281B94F0203FEFA700925F2D /* LSPushAnimator.m */,
				281B94EB203FEFA700925F2D /* LSPopAnimator.h */,
				281B94EC203FEFA700925F2D /* LSPopAnimator.m */,
			);
			path = LSPanSwiper;
			sourceTree = "<group>";
		};
		281B94E9203FEFA700925F2D /* demo */ = {
			isa = PBXGroup;
			children = (
				281B94F6203FEFA700925F2D /* LSNavigationController.h */,
				281B94F7203FEFA700925F2D /* LSNavigationController.m */,
				281B94F3203FEFA700925F2D /* FirstViewController.h */,
				281B94F4203FEFA700925F2D /* FirstViewController.m */,
				281B94F5203FEFA700925F2D /* FirstViewController.xib */,
				281B94F8203FEFA700925F2D /* SecondViewController.h */,
				281B94F9203FEFA700925F2D /* SecondViewController.m */,
				281B94FA203FEFA700925F2D /* SecondViewController.xib */,
				281B9504203FF2A000925F2D /* ThreeViewController.h */,
				281B9505203FF2A000925F2D /* ThreeViewController.m */,
				281B9506203FF2A000925F2D /* ThreeViewController.xib */,
				281B94EA203FEFA700925F2D /* Animator */,
			);
			path = demo;
			sourceTree = "<group>";
		};
		281B94EA203FEFA700925F2D /* Animator */ = {
			isa = PBXGroup;
			children = (
				281B94ED203FEFA700925F2D /* PopAnimator2.h */,
				281B94EE203FEFA700925F2D /* PopAnimator2.m */,
				281B94F1203FEFA700925F2D /* PushAnimator2.h */,
				281B94F2203FEFA700925F2D /* PushAnimator2.m */,
			);
			path = Animator;
			sourceTree = "<group>";
		};
/* End PBXGroup section */

/* Begin PBXNativeTarget section */
		281B945D203FEDC700925F2D /* LSPanSwiper */ = {
			isa = PBXNativeTarget;
			buildConfigurationList = 281B948A203FEDC800925F2D /* Build configuration list for PBXNativeTarget "LSPanSwiper" */;
			buildPhases = (
				281B945A203FEDC700925F2D /* Sources */,
				281B945B203FEDC700925F2D /* Frameworks */,
				281B945C203FEDC700925F2D /* Resources */,
			);
			buildRules = (
			);
			dependencies = (
			);
			name = LSPanSwiper;
			productName = LSPanSwiper;
			productReference = 281B945E203FEDC700925F2D /* LSPanSwiper.app */;
			productType = "com.apple.product-type.application";
		};
		281B9475203FEDC800925F2D /* LSPanSwiperTests */ = {
			isa = PBXNativeTarget;
			buildConfigurationList = 281B948D203FEDC800925F2D /* Build configuration list for PBXNativeTarget "LSPanSwiperTests" */;
			buildPhases = (
				281B9472203FEDC800925F2D /* Sources */,
				281B9473203FEDC800925F2D /* Frameworks */,
				281B9474203FEDC800925F2D /* Resources */,
			);
			buildRules = (
			);
			dependencies = (
				281B9478203FEDC800925F2D /* PBXTargetDependency */,
			);
			name = LSPanSwiperTests;
			productName = LSPanSwiperTests;
			productReference = 281B9476203FEDC800925F2D /* LSPanSwiperTests.xctest */;
			productType = "com.apple.product-type.bundle.unit-test";
		};
		281B9480203FEDC800925F2D /* LSPanSwiperUITests */ = {
			isa = PBXNativeTarget;
			buildConfigurationList = 281B9490203FEDC800925F2D /* Build configuration list for PBXNativeTarget "LSPanSwiperUITests" */;
			buildPhases = (
				281B947D203FEDC800925F2D /* Sources */,
				281B947E203FEDC800925F2D /* Frameworks */,
				281B947F203FEDC800925F2D /* Resources */,
			);
			buildRules = (
			);
			dependencies = (
				281B9483203FEDC800925F2D /* PBXTargetDependency */,
			);
			name = LSPanSwiperUITests;
			productName = LSPanSwiperUITests;
			productReference = 281B9481203FEDC800925F2D /* LSPanSwiperUITests.xctest */;
			productType = "com.apple.product-type.bundle.ui-testing";
		};
/* End PBXNativeTarget section */

/* Begin PBXProject section */
		281B9456203FEDC700925F2D /* Project object */ = {
			isa = PBXProject;
			attributes = {
				LastUpgradeCheck = 0910;
				ORGANIZATIONNAME = liusong;
				TargetAttributes = {
					281B945D203FEDC700925F2D = {
						CreatedOnToolsVersion = 9.1;
						ProvisioningStyle = Automatic;
					};
					281B9475203FEDC800925F2D = {
						CreatedOnToolsVersion = 9.1;
						ProvisioningStyle = Automatic;
						TestTargetID = 281B945D203FEDC700925F2D;
					};
					281B9480203FEDC800925F2D = {
						CreatedOnToolsVersion = 9.1;
						ProvisioningStyle = Automatic;
						TestTargetID = 281B945D203FEDC700925F2D;
					};
				};
			};
			buildConfigurationList = 281B9459203FEDC700925F2D /* Build configuration list for PBXProject "LSPanSwiper" */;
			compatibilityVersion = "Xcode 8.0";
			developmentRegion = en;
			hasScannedForEncodings = 0;
			knownRegions = (
				en,
				Base,
			);
			mainGroup = 281B9455203FEDC700925F2D;
			productRefGroup = 281B945F203FEDC700925F2D /* Products */;
			projectDirPath = "";
			projectRoot = "";
			targets = (
				281B945D203FEDC700925F2D /* LSPanSwiper */,
				281B9475203FEDC800925F2D /* LSPanSwiperTests */,
				281B9480203FEDC800925F2D /* LSPanSwiperUITests */,
			);
		};
/* End PBXProject section */

/* Begin PBXResourcesBuildPhase section */
		281B945C203FEDC700925F2D /* Resources */ = {
			isa = PBXResourcesBuildPhase;
			buildActionMask = 2147483647;
			files = (
				281B946E203FEDC700925F2D /* LaunchScreen.storyboard in Resources */,
				281B946B203FEDC700925F2D /* Assets.xcassets in Resources */,
				281B9500203FEFA700925F2D /* FirstViewController.xib in Resources */,
				281B9508203FF2A000925F2D /* ThreeViewController.xib in Resources */,
				281B9503203FEFA700925F2D /* SecondViewController.xib in Resources */,
			);
			runOnlyForDeploymentPostprocessing = 0;
		};
		281B9474203FEDC800925F2D /* Resources */ = {
			isa = PBXResourcesBuildPhase;
			buildActionMask = 2147483647;
			files = (
			);
			runOnlyForDeploymentPostprocessing = 0;
		};
		281B947F203FEDC800925F2D /* Resources */ = {
			isa = PBXResourcesBuildPhase;
			buildActionMask = 2147483647;
			files = (
			);
			runOnlyForDeploymentPostprocessing = 0;
		};
/* End PBXResourcesBuildPhase section */

/* Begin PBXSourcesBuildPhase section */
		281B945A203FEDC700925F2D /* Sources */ = {
			isa = PBXSourcesBuildPhase;
			buildActionMask = 2147483647;
			files = (
				281B94AB203FEE6500925F2D /* UINavigationController+LSInteractiveTransition.m in Sources */,
				281B94A9203FEE6500925F2D /* NSObject+TransitionContextHelper.m in Sources */,
				281B94FD203FEFA700925F2D /* LSPushAnimator.m in Sources */,
				281B94FB203FEFA700925F2D /* LSPopAnimator.m in Sources */,
				281B9471203FEDC700925F2D /* main.m in Sources */,
				281B9501203FEFA700925F2D /* LSNavigationController.m in Sources */,
				281B94A7203FEE6500925F2D /* LSPanSwiper.m in Sources */,
				281B9507203FF2A000925F2D /* ThreeViewController.m in Sources */,
				281B94A8203FEE6500925F2D /* LSTransitionAnimator.m in Sources */,
				281B94AC203FEE6500925F2D /* UIViewController+LSInteractiveTransition.m in Sources */,
				281B94FF203FEFA700925F2D /* FirstViewController.m in Sources */,
				281B94A6203FEE6500925F2D /* LSInteractiveTransition.m in Sources */,
				281B9502203FEFA700925F2D /* SecondViewController.m in Sources */,
				281B9463203FEDC700925F2D /* AppDelegate.m in Sources */,
				281B94FE203FEFA700925F2D /* PushAnimator2.m in Sources */,
				281B94FC203FEFA700925F2D /* PopAnimator2.m in Sources */,
			);
			runOnlyForDeploymentPostprocessing = 0;
		};
		281B9472203FEDC800925F2D /* Sources */ = {
			isa = PBXSourcesBuildPhase;
			buildActionMask = 2147483647;
			files = (
				281B947B203FEDC800925F2D /* LSPanSwiperTests.m in Sources */,
			);
			runOnlyForDeploymentPostprocessing = 0;
		};
		281B947D203FEDC800925F2D /* Sources */ = {
			isa = PBXSourcesBuildPhase;
			buildActionMask = 2147483647;
			files = (
				281B9486203FEDC800925F2D /* LSPanSwiperUITests.m in Sources */,
			);
			runOnlyForDeploymentPostprocessing = 0;
		};
/* End PBXSourcesBuildPhase section */

/* Begin PBXTargetDependency section */
		281B9478203FEDC800925F2D /* PBXTargetDependency */ = {
			isa = PBXTargetDependency;
			target = 281B945D203FEDC700925F2D /* LSPanSwiper */;
			targetProxy = 281B9477203FEDC800925F2D /* PBXContainerItemProxy */;
		};
		281B9483203FEDC800925F2D /* PBXTargetDependency */ = {
			isa = PBXTargetDependency;
			target = 281B945D203FEDC700925F2D /* LSPanSwiper */;
			targetProxy = 281B9482203FEDC800925F2D /* PBXContainerItemProxy */;
		};
/* End PBXTargetDependency section */

/* Begin PBXVariantGroup section */
		281B946C203FEDC700925F2D /* LaunchScreen.storyboard */ = {
			isa = PBXVariantGroup;
			children = (
				281B946D203FEDC700925F2D /* Base */,
			);
			name = LaunchScreen.storyboard;
			sourceTree = "<group>";
		};
/* End PBXVariantGroup section */

/* Begin XCBuildConfiguration section */
		281B9488203FEDC800925F2D /* Debug */ = {
			isa = XCBuildConfiguration;
			buildSettings = {
				ALWAYS_SEARCH_USER_PATHS = NO;
				CLANG_ANALYZER_NONNULL = YES;
				CLANG_ANALYZER_NUMBER_OBJECT_CONVERSION = YES_AGGRESSIVE;
				CLANG_CXX_LANGUAGE_STANDARD = "gnu++14";
				CLANG_CXX_LIBRARY = "libc++";
				CLANG_ENABLE_MODULES = YES;
				CLANG_ENABLE_OBJC_ARC = YES;
				CLANG_WARN_BLOCK_CAPTURE_AUTORELEASING = YES;
				CLANG_WARN_BOOL_CONVERSION = YES;
				CLANG_WARN_COMMA = YES;
				CLANG_WARN_CONSTANT_CONVERSION = YES;
				CLANG_WARN_DIRECT_OBJC_ISA_USAGE = YES_ERROR;
				CLANG_WARN_DOCUMENTATION_COMMENTS = YES;
				CLANG_WARN_EMPTY_BODY = YES;
				CLANG_WARN_ENUM_CONVERSION = YES;
				CLANG_WARN_INFINITE_RECURSION = YES;
				CLANG_WARN_INT_CONVERSION = YES;
				CLANG_WARN_NON_LITERAL_NULL_CONVERSION = YES;
				CLANG_WARN_OBJC_LITERAL_CONVERSION = YES;
				CLANG_WARN_OBJC_ROOT_CLASS = YES_ERROR;
				CLANG_WARN_RANGE_LOOP_ANALYSIS = YES;
				CLANG_WARN_STRICT_PROTOTYPES = YES;
				CLANG_WARN_SUSPICIOUS_MOVE = YES;
				CLANG_WARN_UNGUARDED_AVAILABILITY = YES_AGGRESSIVE;
				CLANG_WARN_UNREACHABLE_CODE = YES;
				CLANG_WARN__DUPLICATE_METHOD_MATCH = YES;
				CODE_SIGN_IDENTITY = "iPhone Developer";
				COPY_PHASE_STRIP = NO;
				DEBUG_INFORMATION_FORMAT = dwarf;
				ENABLE_STRICT_OBJC_MSGSEND = YES;
				ENABLE_TESTABILITY = YES;
				GCC_C_LANGUAGE_STANDARD = gnu11;
				GCC_DYNAMIC_NO_PIC = NO;
				GCC_NO_COMMON_BLOCKS = YES;
				GCC_OPTIMIZATION_LEVEL = 0;
				GCC_PREPROCESSOR_DEFINITIONS = (
					"DEBUG=1",
					"$(inherited)",
				);
				GCC_WARN_64_TO_32_BIT_CONVERSION = YES;
				GCC_WARN_ABOUT_RETURN_TYPE = YES_ERROR;
				GCC_WARN_UNDECLARED_SELECTOR = YES;
				GCC_WARN_UNINITIALIZED_AUTOS = YES_AGGRESSIVE;
				GCC_WARN_UNUSED_FUNCTION = YES;
				GCC_WARN_UNUSED_VARIABLE = YES;
				IPHONEOS_DEPLOYMENT_TARGET = 11.1;
				MTL_ENABLE_DEBUG_INFO = YES;
				ONLY_ACTIVE_ARCH = YES;
				SDKROOT = iphoneos;
			};
			name = Debug;
		};
		281B9489203FEDC800925F2D /* Release */ = {
			isa = XCBuildConfiguration;
			buildSettings = {
				ALWAYS_SEARCH_USER_PATHS = NO;
				CLANG_ANALYZER_NONNULL = YES;
				CLANG_ANALYZER_NUMBER_OBJECT_CONVERSION = YES_AGGRESSIVE;
				CLANG_CXX_LANGUAGE_STANDARD = "gnu++14";
				CLANG_CXX_LIBRARY = "libc++";
				CLANG_ENABLE_MODULES = YES;
				CLANG_ENABLE_OBJC_ARC = YES;
				CLANG_WARN_BLOCK_CAPTURE_AUTORELEASING = YES;
				CLANG_WARN_BOOL_CONVERSION = YES;
				CLANG_WARN_COMMA = YES;
				CLANG_WARN_CONSTANT_CONVERSION = YES;
				CLANG_WARN_DIRECT_OBJC_ISA_USAGE = YES_ERROR;
				CLANG_WARN_DOCUMENTATION_COMMENTS = YES;
				CLANG_WARN_EMPTY_BODY = YES;
				CLANG_WARN_ENUM_CONVERSION = YES;
				CLANG_WARN_INFINITE_RECURSION = YES;
				CLANG_WARN_INT_CONVERSION = YES;
				CLANG_WARN_NON_LITERAL_NULL_CONVERSION = YES;
				CLANG_WARN_OBJC_LITERAL_CONVERSION = YES;
				CLANG_WARN_OBJC_ROOT_CLASS = YES_ERROR;
				CLANG_WARN_RANGE_LOOP_ANALYSIS = YES;
				CLANG_WARN_STRICT_PROTOTYPES = YES;
				CLANG_WARN_SUSPICIOUS_MOVE = YES;
				CLANG_WARN_UNGUARDED_AVAILABILITY = YES_AGGRESSIVE;
				CLANG_WARN_UNREACHABLE_CODE = YES;
				CLANG_WARN__DUPLICATE_METHOD_MATCH = YES;
				CODE_SIGN_IDENTITY = "iPhone Developer";
				COPY_PHASE_STRIP = NO;
				DEBUG_INFORMATION_FORMAT = "dwarf-with-dsym";
				ENABLE_NS_ASSERTIONS = NO;
				ENABLE_STRICT_OBJC_MSGSEND = YES;
				GCC_C_LANGUAGE_STANDARD = gnu11;
				GCC_NO_COMMON_BLOCKS = YES;
				GCC_WARN_64_TO_32_BIT_CONVERSION = YES;
				GCC_WARN_ABOUT_RETURN_TYPE = YES_ERROR;
				GCC_WARN_UNDECLARED_SELECTOR = YES;
				GCC_WARN_UNINITIALIZED_AUTOS = YES_AGGRESSIVE;
				GCC_WARN_UNUSED_FUNCTION = YES;
				GCC_WARN_UNUSED_VARIABLE = YES;
				IPHONEOS_DEPLOYMENT_TARGET = 11.1;
				MTL_ENABLE_DEBUG_INFO = NO;
				SDKROOT = iphoneos;
				VALIDATE_PRODUCT = YES;
			};
			name = Release;
		};
		281B948B203FEDC800925F2D /* Debug */ = {
			isa = XCBuildConfiguration;
			buildSettings = {
				ASSETCATALOG_COMPILER_APPICON_NAME = AppIcon;
				CODE_SIGN_STYLE = Automatic;
				DEVELOPMENT_TEAM = 929467FPP6;
				INFOPLIST_FILE = LSPanSwiper/Info.plist;
				IPHONEOS_DEPLOYMENT_TARGET = 8.2;
				LD_RUNPATH_SEARCH_PATHS = "$(inherited) @executable_path/Frameworks";
				PRODUCT_BUNDLE_IDENTIFIER = com.liusong.test.LSPanSwiper;
				PRODUCT_NAME = "$(TARGET_NAME)";
				TARGETED_DEVICE_FAMILY = "1,2";
			};
			name = Debug;
		};
		281B948C203FEDC800925F2D /* Release */ = {
			isa = XCBuildConfiguration;
			buildSettings = {
				ASSETCATALOG_COMPILER_APPICON_NAME = AppIcon;
				CODE_SIGN_STYLE = Automatic;
				DEVELOPMENT_TEAM = 929467FPP6;
				INFOPLIST_FILE = LSPanSwiper/Info.plist;
				IPHONEOS_DEPLOYMENT_TARGET = 8.2;
				LD_RUNPATH_SEARCH_PATHS = "$(inherited) @executable_path/Frameworks";
				PRODUCT_BUNDLE_IDENTIFIER = com.liusong.test.LSPanSwiper;
				PRODUCT_NAME = "$(TARGET_NAME)";
				TARGETED_DEVICE_FAMILY = "1,2";
			};
			name = Release;
		};
		281B948E203FEDC800925F2D /* Debug */ = {
			isa = XCBuildConfiguration;
			buildSettings = {
				BUNDLE_LOADER = "$(TEST_HOST)";
				CODE_SIGN_STYLE = Automatic;
				DEVELOPMENT_TEAM = 929467FPP6;
				INFOPLIST_FILE = LSPanSwiperTests/Info.plist;
				LD_RUNPATH_SEARCH_PATHS = "$(inherited) @executable_path/Frameworks @loader_path/Frameworks";
				PRODUCT_BUNDLE_IDENTIFIER = com.liusong.test.LSPanSwiperTests;
				PRODUCT_NAME = "$(TARGET_NAME)";
				TARGETED_DEVICE_FAMILY = "1,2";
				TEST_HOST = "$(BUILT_PRODUCTS_DIR)/LSPanSwiper.app/LSPanSwiper";
			};
			name = Debug;
		};
		281B948F203FEDC800925F2D /* Release */ = {
			isa = XCBuildConfiguration;
			buildSettings = {
				BUNDLE_LOADER = "$(TEST_HOST)";
				CODE_SIGN_STYLE = Automatic;
				DEVELOPMENT_TEAM = 929467FPP6;
				INFOPLIST_FILE = LSPanSwiperTests/Info.plist;
				LD_RUNPATH_SEARCH_PATHS = "$(inherited) @executable_path/Frameworks @loader_path/Frameworks";
				PRODUCT_BUNDLE_IDENTIFIER = com.liusong.test.LSPanSwiperTests;
				PRODUCT_NAME = "$(TARGET_NAME)";
				TARGETED_DEVICE_FAMILY = "1,2";
				TEST_HOST = "$(BUILT_PRODUCTS_DIR)/LSPanSwiper.app/LSPanSwiper";
			};
			name = Release;
		};
		281B9491203FEDC800925F2D /* Debug */ = {
			isa = XCBuildConfiguration;
			buildSettings = {
				CODE_SIGN_STYLE = Automatic;
				DEVELOPMENT_TEAM = 929467FPP6;
				INFOPLIST_FILE = LSPanSwiperUITests/Info.plist;
				LD_RUNPATH_SEARCH_PATHS = "$(inherited) @executable_path/Frameworks @loader_path/Frameworks";
				PRODUCT_BUNDLE_IDENTIFIER = com.liusong.test.LSPanSwiperUITests;
				PRODUCT_NAME = "$(TARGET_NAME)";
				TARGETED_DEVICE_FAMILY = "1,2";
				TEST_TARGET_NAME = LSPanSwiper;
			};
			name = Debug;
		};
		281B9492203FEDC800925F2D /* Release */ = {
			isa = XCBuildConfiguration;
			buildSettings = {
				CODE_SIGN_STYLE = Automatic;
				DEVELOPMENT_TEAM = 929467FPP6;
				INFOPLIST_FILE = LSPanSwiperUITests/Info.plist;
				LD_RUNPATH_SEARCH_PATHS = "$(inherited) @executable_path/Frameworks @loader_path/Frameworks";
				PRODUCT_BUNDLE_IDENTIFIER = com.liusong.test.LSPanSwiperUITests;
				PRODUCT_NAME = "$(TARGET_NAME)";
				TARGETED_DEVICE_FAMILY = "1,2";
				TEST_TARGET_NAME = LSPanSwiper;
			};
			name = Release;
		};
/* End XCBuildConfiguration section */

/* Begin XCConfigurationList section */
		281B9459203FEDC700925F2D /* Build configuration list for PBXProject "LSPanSwiper" */ = {
			isa = XCConfigurationList;
			buildConfigurations = (
				281B9488203FEDC800925F2D /* Debug */,
				281B9489203FEDC800925F2D /* Release */,
			);
			defaultConfigurationIsVisible = 0;
			defaultConfigurationName = Release;
		};
		281B948A203FEDC800925F2D /* Build configuration list for PBXNativeTarget "LSPanSwiper" */ = {
			isa = XCConfigurationList;
			buildConfigurations = (
				281B948B203FEDC800925F2D /* Debug */,
				281B948C203FEDC800925F2D /* Release */,
			);
			defaultConfigurationIsVisible = 0;
			defaultConfigurationName = Release;
		};
		281B948D203FEDC800925F2D /* Build configuration list for PBXNativeTarget "LSPanSwiperTests" */ = {
			isa = XCConfigurationList;
			buildConfigurations = (
				281B948E203FEDC800925F2D /* Debug */,
				281B948F203FEDC800925F2D /* Release */,
			);
			defaultConfigurationIsVisible = 0;
			defaultConfigurationName = Release;
		};
		281B9490203FEDC800925F2D /* Build configuration list for PBXNativeTarget "LSPanSwiperUITests" */ = {
			isa = XCConfigurationList;
			buildConfigurations = (
				281B9491203FEDC800925F2D /* Debug */,
				281B9492203FEDC800925F2D /* Release */,
			);
			defaultConfigurationIsVisible = 0;
			defaultConfigurationName = Release;
		};
/* End XCConfigurationList section */
	};
	rootObject = 281B9456203FEDC700925F2D /* Project object */;
}
